// !$*UTF8*$!
{
	archiveVersion = 1;
	classes = {
	};
	objectVersion = 50;
	objects = {

/* Begin PBXBuildFile section */
		012951DB23B85FF000F515AC /* AppDelegate.swift in Sources */ = {isa = PBXBuildFile; fileRef = 012951DA23B85FF000F515AC /* AppDelegate.swift */; };
		012951DD23B85FF000F515AC /* ViewController.swift in Sources */ = {isa = PBXBuildFile; fileRef = 012951DC23B85FF000F515AC /* ViewController.swift */; };
		012951DF23B85FF100F515AC /* Assets.xcassets in Resources */ = {isa = PBXBuildFile; fileRef = 012951DE23B85FF100F515AC /* Assets.xcassets */; };
		012951E223B85FF100F515AC /* Main.storyboard in Resources */ = {isa = PBXBuildFile; fileRef = 012951E023B85FF100F515AC /* Main.storyboard */; };
		012951FA23B8604800F515AC /* start.tiff in Resources */ = {isa = PBXBuildFile; fileRef = 012951EA23B8604500F515AC /* start.tiff */; };
		012951FB23B8604800F515AC /* FinderIcon.icns in Resources */ = {isa = PBXBuildFile; fileRef = 012951EB23B8604500F515AC /* FinderIcon.icns */; };
		012951FC23B8604800F515AC /* Sucess.png in Resources */ = {isa = PBXBuildFile; fileRef = 012951EC23B8604600F515AC /* Sucess.png */; };
		012951FD23B8604800F515AC /* arrowbutton.tiff in Resources */ = {isa = PBXBuildFile; fileRef = 012951ED23B8604600F515AC /* arrowbutton.tiff */; };
		012951FE23B8604800F515AC /* Mac SSD.icns in Resources */ = {isa = PBXBuildFile; fileRef = 012951EE23B8604600F515AC /* Mac SSD.icns */; };
		012951FF23B8604800F515AC /* Actions.icns in Resources */ = {isa = PBXBuildFile; fileRef = 012951EF23B8604600F515AC /* Actions.icns */; };
		0129520023B8604800F515AC /* VolumeIcon.png in Resources */ = {isa = PBXBuildFile; fileRef = 012951F023B8604600F515AC /* VolumeIcon.png */; };
		0129520123B8604800F515AC /* Success.tiff in Resources */ = {isa = PBXBuildFile; fileRef = 012951F123B8604600F515AC /* Success.tiff */; };
		0129520223B8604800F515AC /* ToolbarCustomizeIcon.icns in Resources */ = {isa = PBXBuildFile; fileRef = 012951F223B8604700F515AC /* ToolbarCustomizeIcon.icns */; };
		0129520323B8604800F515AC /* arrowbuttonLeft.tiff in Resources */ = {isa = PBXBuildFile; fileRef = 012951F323B8604700F515AC /* arrowbuttonLeft.tiff */; };
		0129520423B8604800F515AC /* ToolbarAdvanced.icns in Resources */ = {isa = PBXBuildFile; fileRef = 012951F423B8604700F515AC /* ToolbarAdvanced.icns */; };
		0129520523B8604800F515AC /* ToolbarDeleteIcon.icns in Resources */ = {isa = PBXBuildFile; fileRef = 012951F523B8604800F515AC /* ToolbarDeleteIcon.icns */; };
		0129520623B8604800F515AC /* TrashIcon.icns in Resources */ = {isa = PBXBuildFile; fileRef = 012951F623B8604800F515AC /* TrashIcon.icns */; };
		0129520723B8604800F515AC /* GenericNetworkIcon.icns in Resources */ = {isa = PBXBuildFile; fileRef = 012951F723B8604800F515AC /* GenericNetworkIcon.icns */; };
		0129520823B8604800F515AC /* cancel.tiff in Resources */ = {isa = PBXBuildFile; fileRef = 012951F823B8604800F515AC /* cancel.tiff */; };
		0129520923B8604800F515AC /* skipButton.tiff in Resources */ = {isa = PBXBuildFile; fileRef = 012951F923B8604800F515AC /* skipButton.tiff */; };
/* End PBXBuildFile section */

/* Begin PBXFileReference section */
		012951D723B85FF000F515AC /* VolumeIcon.app */ = {isa = PBXFileReference; explicitFileType = wrapper.application; includeInIndex = 0; path = VolumeIcon.app; sourceTree = BUILT_PRODUCTS_DIR; };
		012951DA23B85FF000F515AC /* AppDelegate.swift */ = {isa = PBXFileReference; lastKnownFileType = sourcecode.swift; path = AppDelegate.swift; sourceTree = "<group>"; };
		012951DC23B85FF000F515AC /* ViewController.swift */ = {isa = PBXFileReference; lastKnownFileType = sourcecode.swift; path = ViewController.swift; sourceTree = "<group>"; };
		012951DE23B85FF100F515AC /* Assets.xcassets */ = {isa = PBXFileReference; lastKnownFileType = folder.assetcatalog; path = Assets.xcassets; sourceTree = "<group>"; };
		012951E123B85FF100F515AC /* Base */ = {isa = PBXFileReference; lastKnownFileType = file.storyboard; name = Base; path = Base.lproj/Main.storyboard; sourceTree = "<group>"; };
		012951E323B85FF100F515AC /* Info.plist */ = {isa = PBXFileReference; lastKnownFileType = text.plist.xml; path = Info.plist; sourceTree = "<group>"; };
		012951E423B85FF100F515AC /* VolumeIcon.entitlements */ = {isa = PBXFileReference; lastKnownFileType = text.plist.entitlements; path = VolumeIcon.entitlements; sourceTree = "<group>"; };
		012951EA23B8604500F515AC /* start.tiff */ = {isa = PBXFileReference; lastKnownFileType = image.tiff; path = start.tiff; sourceTree = "<group>"; };
		012951EB23B8604500F515AC /* FinderIcon.icns */ = {isa = PBXFileReference; lastKnownFileType = image.icns; path = FinderIcon.icns; sourceTree = "<group>"; };
		012951EC23B8604600F515AC /* Sucess.png */ = {isa = PBXFileReference; lastKnownFileType = image.png; path = Sucess.png; sourceTree = "<group>"; };
		012951ED23B8604600F515AC /* arrowbutton.tiff */ = {isa = PBXFileReference; lastKnownFileType = image.tiff; path = arrowbutton.tiff; sourceTree = "<group>"; };
		012951EE23B8604600F515AC /* Mac SSD.icns */ = {isa = PBXFileReference; lastKnownFileType = image.icns; path = "Mac SSD.icns"; sourceTree = "<group>"; };
		012951EF23B8604600F515AC /* Actions.icns */ = {isa = PBXFileReference; lastKnownFileType = image.icns; path = Actions.icns; sourceTree = "<group>"; };
		012951F023B8604600F515AC /* VolumeIcon.png */ = {isa = PBXFileReference; lastKnownFileType = image.png; path = VolumeIcon.png; sourceTree = "<group>"; };
		012951F123B8604600F515AC /* Success.tiff */ = {isa = PBXFileReference; lastKnownFileType = image.tiff; path = Success.tiff; sourceTree = "<group>"; };
		012951F223B8604700F515AC /* ToolbarCustomizeIcon.icns */ = {isa = PBXFileReference; lastKnownFileType = image.icns; path = ToolbarCustomizeIcon.icns; sourceTree = "<group>"; };
		012951F323B8604700F515AC /* arrowbuttonLeft.tiff */ = {isa = PBXFileReference; lastKnownFileType = image.tiff; path = arrowbuttonLeft.tiff; sourceTree = "<group>"; };
		012951F423B8604700F515AC /* ToolbarAdvanced.icns */ = {isa = PBXFileReference; lastKnownFileType = image.icns; path = ToolbarAdvanced.icns; sourceTree = "<group>"; };
		012951F523B8604800F515AC /* ToolbarDeleteIcon.icns */ = {isa = PBXFileReference; lastKnownFileType = image.icns; path = ToolbarDeleteIcon.icns; sourceTree = "<group>"; };
		012951F623B8604800F515AC /* TrashIcon.icns */ = {isa = PBXFileReference; lastKnownFileType = image.icns; path = TrashIcon.icns; sourceTree = "<group>"; };
		012951F723B8604800F515AC /* GenericNetworkIcon.icns */ = {isa = PBXFileReference; lastKnownFileType = image.icns; path = GenericNetworkIcon.icns; sourceTree = "<group>"; };
		012951F823B8604800F515AC /* cancel.tiff */ = {isa = PBXFileReference; lastKnownFileType = image.tiff; path = cancel.tiff; sourceTree = "<group>"; };
		012951F923B8604800F515AC /* skipButton.tiff */ = {isa = PBXFileReference; lastKnownFileType = image.tiff; path = skipButton.tiff; sourceTree = "<group>"; };
/* End PBXFileReference section */

/* Begin PBXFrameworksBuildPhase section */
		012951D423B85FF000F515AC /* Frameworks */ = {
			isa = PBXFrameworksBuildPhase;
			buildActionMask = 2147483647;
			files = (
			);
			runOnlyForDeploymentPostprocessing = 0;
		};
/* End PBXFrameworksBuildPhase section */

/* Begin PBXGroup section */
		012951CE23B85FF000F515AC = {
			isa = PBXGroup;
			children = (
				012951D923B85FF000F515AC /* VolumeIcon */,
				012951D823B85FF000F515AC /* Products */,
				0129520A23B8605A00F515AC /* Resources */,
			);
			sourceTree = "<group>";
		};
		012951D823B85FF000F515AC /* Products */ = {
			isa = PBXGroup;
			children = (
				012951D723B85FF000F515AC /* VolumeIcon.app */,
			);
			name = Products;
			sourceTree = "<group>";
		};
		012951D923B85FF000F515AC /* VolumeIcon */ = {
			isa = PBXGroup;
			children = (
				012951DA23B85FF000F515AC /* AppDelegate.swift */,
				012951DC23B85FF000F515AC /* ViewController.swift */,
				012951DE23B85FF100F515AC /* Assets.xcassets */,
				012951E023B85FF100F515AC /* Main.storyboard */,
				012951E323B85FF100F515AC /* Info.plist */,
				012951E423B85FF100F515AC /* VolumeIcon.entitlements */,
			);
			path = VolumeIcon;
			sourceTree = "<group>";
		};
		0129520A23B8605A00F515AC /* Resources */ = {
			isa = PBXGroup;
			children = (
				012951EF23B8604600F515AC /* Actions.icns */,
				012951ED23B8604600F515AC /* arrowbutton.tiff */,
				012951F323B8604700F515AC /* arrowbuttonLeft.tiff */,
				012951F823B8604800F515AC /* cancel.tiff */,
				012951EB23B8604500F515AC /* FinderIcon.icns */,
				012951F723B8604800F515AC /* GenericNetworkIcon.icns */,
				012951EE23B8604600F515AC /* Mac SSD.icns */,
				012951F923B8604800F515AC /* skipButton.tiff */,
				012951EA23B8604500F515AC /* start.tiff */,
				012951F123B8604600F515AC /* Success.tiff */,
				012951EC23B8604600F515AC /* Sucess.png */,
				012951F423B8604700F515AC /* ToolbarAdvanced.icns */,
				012951F223B8604700F515AC /* ToolbarCustomizeIcon.icns */,
				012951F523B8604800F515AC /* ToolbarDeleteIcon.icns */,
				012951F623B8604800F515AC /* TrashIcon.icns */,
				012951F023B8604600F515AC /* VolumeIcon.png */,
			);
			path = Resources;
			sourceTree = "<group>";
		};
/* End PBXGroup section */

/* Begin PBXNativeTarget section */
		012951D623B85FF000F515AC /* VolumeIcon */ = {
			isa = PBXNativeTarget;
			buildConfigurationList = 012951E723B85FF100F515AC /* Build configuration list for PBXNativeTarget "VolumeIcon" */;
			buildPhases = (
				012951D323B85FF000F515AC /* Sources */,
				012951D423B85FF000F515AC /* Frameworks */,
				012951D523B85FF000F515AC /* Resources */,
			);
			buildRules = (
			);
			dependencies = (
			);
			name = VolumeIcon;
			productName = VolumeIcon;
			productReference = 012951D723B85FF000F515AC /* VolumeIcon.app */;
			productType = "com.apple.product-type.application";
		};
/* End PBXNativeTarget section */

/* Begin PBXProject section */
		012951CF23B85FF000F515AC /* Project object */ = {
			isa = PBXProject;
			attributes = {
				LastSwiftUpdateCheck = 1030;
				LastUpgradeCheck = 1030;
				ORGANIZATIONNAME = "Ford Ton";
				TargetAttributes = {
					012951D623B85FF000F515AC = {
						CreatedOnToolsVersion = 10.3;
					};
				};
			};
			buildConfigurationList = 012951D223B85FF000F515AC /* Build configuration list for PBXProject "VolumeIcon" */;
			compatibilityVersion = "Xcode 9.3";
			developmentRegion = en;
			hasScannedForEncodings = 0;
			knownRegions = (
				en,
				Base,
			);
			mainGroup = 012951CE23B85FF000F515AC;
			productRefGroup = 012951D823B85FF000F515AC /* Products */;
			projectDirPath = "";
			projectRoot = "";
			targets = (
				012951D623B85FF000F515AC /* VolumeIcon */,
			);
		};
/* End PBXProject section */

/* Begin PBXResourcesBuildPhase section */
		012951D523B85FF000F515AC /* Resources */ = {
			isa = PBXResourcesBuildPhase;
			buildActionMask = 2147483647;
			files = (
				0129520523B8604800F515AC /* ToolbarDeleteIcon.icns in Resources */,
				012951FF23B8604800F515AC /* Actions.icns in Resources */,
				0129520723B8604800F515AC /* GenericNetworkIcon.icns in Resources */,
				012951DF23B85FF100F515AC /* Assets.xcassets in Resources */,
				0129520823B8604800F515AC /* cancel.tiff in Resources */,
				0129520123B8604800F515AC /* Success.tiff in Resources */,
				0129520023B8604800F515AC /* VolumeIcon.png in Resources */,
				012951FC23B8604800F515AC /* Sucess.png in Resources */,
				0129520623B8604800F515AC /* TrashIcon.icns in Resources */,
				012951E223B85FF100F515AC /* Main.storyboard in Resources */,
				012951FA23B8604800F515AC /* start.tiff in Resources */,
				012951FE23B8604800F515AC /* Mac SSD.icns in Resources */,
				012951FD23B8604800F515AC /* arrowbutton.tiff in Resources */,
				0129520923B8604800F515AC /* skipButton.tiff in Resources */,
				0129520323B8604800F515AC /* arrowbuttonLeft.tiff in Resources */,
				012951FB23B8604800F515AC /* FinderIcon.icns in Resources */,
				0129520423B8604800F515AC /* ToolbarAdvanced.icns in Resources */,
				0129520223B8604800F515AC /* ToolbarCustomizeIcon.icns in Resources */,
			);
			runOnlyForDeploymentPostprocessing = 0;
		};
/* End PBXResourcesBuildPhase section */

/* Begin PBXSourcesBuildPhase section */
		012951D323B85FF000F515AC /* Sources */ = {
			isa = PBXSourcesBuildPhase;
			buildActionMask = 2147483647;
			files = (
				012951DD23B85FF000F515AC /* ViewController.swift in Sources */,
				012951DB23B85FF000F515AC /* AppDelegate.swift in Sources */,
			);
			runOnlyForDeploymentPostprocessing = 0;
		};
/* End PBXSourcesBuildPhase section */

/* Begin PBXVariantGroup section */
		012951E023B85FF100F515AC /* Main.storyboard */ = {
			isa = PBXVariantGroup;
			children = (
				012951E123B85FF100F515AC /* Base */,
			);
			name = Main.storyboard;
			sourceTree = "<group>";
		};
/* End PBXVariantGroup section */

/* Begin XCBuildConfiguration section */
		012951E523B85FF100F515AC /* Debug */ = {
			isa = XCBuildConfiguration;
			buildSettings = {
				ALWAYS_SEARCH_USER_PATHS = NO;
				CLANG_ANALYZER_NONNULL = YES;
				CLANG_ANALYZER_NUMBER_OBJECT_CONVERSION = YES_AGGRESSIVE;
				CLANG_CXX_LANGUAGE_STANDARD = "gnu++14";
				CLANG_CXX_LIBRARY = "libc++";
				CLANG_ENABLE_MODULES = YES;
				CLANG_ENABLE_OBJC_ARC = YES;
				CLANG_ENABLE_OBJC_WEAK = YES;
				CLANG_WARN_BLOCK_CAPTURE_AUTORELEASING = YES;
				CLANG_WARN_BOOL_CONVERSION = YES;
				CLANG_WARN_COMMA = YES;
				CLANG_WARN_CONSTANT_CONVERSION = YES;
				CLANG_WARN_DEPRECATED_OBJC_IMPLEMENTATIONS = YES;
				CLANG_WARN_DIRECT_OBJC_ISA_USAGE = YES_ERROR;
				CLANG_WARN_DOCUMENTATION_COMMENTS = YES;
				CLANG_WARN_EMPTY_BODY = YES;
				CLANG_WARN_ENUM_CONVERSION = YES;
				CLANG_WARN_INFINITE_RECURSION = YES;
				CLANG_WARN_INT_CONVERSION = YES;
				CLANG_WARN_NON_LITERAL_NULL_CONVERSION = YES;
				CLANG_WARN_OBJC_IMPLICIT_RETAIN_SELF = YES;
				CLANG_WARN_OBJC_LITERAL_CONVERSION = YES;
				CLANG_WARN_OBJC_ROOT_CLASS = YES_ERROR;
				CLANG_WARN_RANGE_LOOP_ANALYSIS = YES;
				CLANG_WARN_STRICT_PROTOTYPES = YES;
				CLANG_WARN_SUSPICIOUS_MOVE = YES;
				CLANG_WARN_UNGUARDED_AVAILABILITY = YES_AGGRESSIVE;
				CLANG_WARN_UNREACHABLE_CODE = YES;
				CLANG_WARN__DUPLICATE_METHOD_MATCH = YES;
				CODE_SIGN_IDENTITY = "Mac Developer";
				COPY_PHASE_STRIP = NO;
				DEBUG_INFORMATION_FORMAT = dwarf;
				ENABLE_STRICT_OBJC_MSGSEND = YES;
				ENABLE_TESTABILITY = YES;
				GCC_C_LANGUAGE_STANDARD = gnu11;
				GCC_DYNAMIC_NO_PIC = NO;
				GCC_NO_COMMON_BLOCKS = YES;
				GCC_OPTIMIZATION_LEVEL = 0;
				GCC_PREPROCESSOR_DEFINITIONS = (
					"DEBUG=1",
					"$(inherited)",
				);
				GCC_WARN_64_TO_32_BIT_CONVERSION = YES;
				GCC_WARN_ABOUT_RETURN_TYPE = YES_ERROR;
				GCC_WARN_UNDECLARED_SELECTOR = YES;
				GCC_WARN_UNINITIALIZED_AUTOS = YES_AGGRESSIVE;
				GCC_WARN_UNUSED_FUNCTION = YES;
				GCC_WARN_UNUSED_VARIABLE = YES;
				MACOSX_DEPLOYMENT_TARGET = 10.14;
				MTL_ENABLE_DEBUG_INFO = INCLUDE_SOURCE;
				MTL_FAST_MATH = YES;
				ONLY_ACTIVE_ARCH = YES;
				SDKROOT = macosx;
				SWIFT_ACTIVE_COMPILATION_CONDITIONS = DEBUG;
				SWIFT_OPTIMIZATION_LEVEL = "-Onone";
			};
			name = Debug;
		};
		012951E623B85FF100F515AC /* Release */ = {
			isa = XCBuildConfiguration;
			buildSettings = {
				ALWAYS_SEARCH_USER_PATHS = NO;
				CLANG_ANALYZER_NONNULL = YES;
				CLANG_ANALYZER_NUMBER_OBJECT_CONVERSION = YES_AGGRESSIVE;
				CLANG_CXX_LANGUAGE_STANDARD = "gnu++14";
				CLANG_CXX_LIBRARY = "libc++";
				CLANG_ENABLE_MODULES = YES;
				CLANG_ENABLE_OBJC_ARC = YES;
				CLANG_ENABLE_OBJC_WEAK = YES;
				CLANG_WARN_BLOCK_CAPTURE_AUTORELEASING = YES;
				CLANG_WARN_BOOL_CONVERSION = YES;
				CLANG_WARN_COMMA = YES;
				CLANG_WARN_CONSTANT_CONVERSION = YES;
				CLANG_WARN_DEPRECATED_OBJC_IMPLEMENTATIONS = YES;
				CLANG_WARN_DIRECT_OBJC_ISA_USAGE = YES_ERROR;
				CLANG_WARN_DOCUMENTATION_COMMENTS = YES;
				CLANG_WARN_EMPTY_BODY = YES;
				CLANG_WARN_ENUM_CONVERSION = YES;
				CLANG_WARN_INFINITE_RECURSION = YES;
				CLANG_WARN_INT_CONVERSION = YES;
				CLANG_WARN_NON_LITERAL_NULL_CONVERSION = YES;
				CLANG_WARN_OBJC_IMPLICIT_RETAIN_SELF = YES;
				CLANG_WARN_OBJC_LITERAL_CONVERSION = YES;
				CLANG_WARN_OBJC_ROOT_CLASS = YES_ERROR;
				CLANG_WARN_RANGE_LOOP_ANALYSIS = YES;
				CLANG_WARN_STRICT_PROTOTYPES = YES;
				CLANG_WARN_SUSPICIOUS_MOVE = YES;
				CLANG_WARN_UNGUARDED_AVAILABILITY = YES_AGGRESSIVE;
				CLANG_WARN_UNREACHABLE_CODE = YES;
				CLANG_WARN__DUPLICATE_METHOD_MATCH = YES;
				CODE_SIGN_IDENTITY = "Mac Developer";
				COPY_PHASE_STRIP = NO;
				DEBUG_INFORMATION_FORMAT = "dwarf-with-dsym";
				ENABLE_NS_ASSERTIONS = NO;
				ENABLE_STRICT_OBJC_MSGSEND = YES;
				GCC_C_LANGUAGE_STANDARD = gnu11;
				GCC_NO_COMMON_BLOCKS = YES;
				GCC_WARN_64_TO_32_BIT_CONVERSION = YES;
				GCC_WARN_ABOUT_RETURN_TYPE = YES_ERROR;
				GCC_WARN_UNDECLARED_SELECTOR = YES;
				GCC_WARN_UNINITIALIZED_AUTOS = YES_AGGRESSIVE;
				GCC_WARN_UNUSED_FUNCTION = YES;
				GCC_WARN_UNUSED_VARIABLE = YES;
				MACOSX_DEPLOYMENT_TARGET = 10.14;
				MTL_ENABLE_DEBUG_INFO = NO;
				MTL_FAST_MATH = YES;
				SDKROOT = macosx;
				SWIFT_COMPILATION_MODE = wholemodule;
				SWIFT_OPTIMIZATION_LEVEL = "-O";
			};
			name = Release;
		};
		012951E823B85FF100F515AC /* Debug */ = {
			isa = XCBuildConfiguration;
			buildSettings = {
				ASSETCATALOG_COMPILER_APPICON_NAME = AppIcon;
				CODE_SIGN_ENTITLEMENTS = VolumeIcon/VolumeIcon.entitlements;
				CODE_SIGN_STYLE = Automatic;
				COMBINE_HIDPI_IMAGES = YES;
				DEVELOPMENT_TEAM = NAR5D6HWAD;
				INFOPLIST_FILE = VolumeIcon/Info.plist;
				LD_RUNPATH_SEARCH_PATHS = (
					"$(inherited)",
					"@executable_path/../Frameworks",
				);
				MACOSX_DEPLOYMENT_TARGET = 10.12;
				PRODUCT_BUNDLE_IDENTIFIER = com.fordApps.VolumeIcon;
				PRODUCT_NAME = "$(TARGET_NAME)";
				SWIFT_VERSION = 5.0;
			};
			name = Debug;
		};
		012951E923B85FF100F515AC /* Release */ = {
			isa = XCBuildConfiguration;
			buildSettings = {
				ASSETCATALOG_COMPILER_APPICON_NAME = AppIcon;
				CODE_SIGN_ENTITLEMENTS = VolumeIcon/VolumeIcon.entitlements;
				CODE_SIGN_STYLE = Automatic;
				COMBINE_HIDPI_IMAGES = YES;
				DEVELOPMENT_TEAM = NAR5D6HWAD;
				INFOPLIST_FILE = VolumeIcon/Info.plist;
				LD_RUNPATH_SEARCH_PATHS = (
					"$(inherited)",
					"@executable_path/../Frameworks",
				);
				MACOSX_DEPLOYMENT_TARGET = 10.12;
				PRODUCT_BUNDLE_IDENTIFIER = com.fordApps.VolumeIcon;
				PRODUCT_NAME = "$(TARGET_NAME)";
				SWIFT_VERSION = 5.0;
			};
			name = Release;
		};
/* End XCBuildConfiguration section */

/* Begin XCConfigurationList section */
		012951D223B85FF000F515AC /* Build configuration list for PBXProject "VolumeIcon" */ = {
			isa = XCConfigurationList;
			buildConfigurations = (
				012951E523B85FF100F515AC /* Debug */,
				012951E623B85FF100F515AC /* Release */,
			);
			defaultConfigurationIsVisible = 0;
			defaultConfigurationName = Release;
		};
		012951E723B85FF100F515AC /* Build configuration list for PBXNativeTarget "VolumeIcon" */ = {
			isa = XCConfigurationList;
			buildConfigurations = (
				012951E823B85FF100F515AC /* Debug */,
				012951E923B85FF100F515AC /* Release */,
			);
			defaultConfigurationIsVisible = 0;
			defaultConfigurationName = Release;
		};
/* End XCConfigurationList section */
	};
	rootObject = 012951CF23B85FF000F515AC /* Project object */;
}
